// !$*UTF8*$!
{
	archiveVersion = 1;
	classes = {
	};
	objectVersion = 46;
	objects = {

/* Begin PBXBuildFile section */
		26044B021E77F15800358594 /* HKConfigViewController.h in Headers */ = {isa = PBXBuildFile; fileRef = 26044B001E77F15800358594 /* HKConfigViewController.h */; settings = {ATTRIBUTES = (Public, ); }; };
		26044B031E77F15800358594 /* HKConfigViewController.m in Sources */ = {isa = PBXBuildFile; fileRef = 26044B011E77F15800358594 /* HKConfigViewController.m */; };
		266821661C3D7F01001F369D /* Hankai.h in Headers */ = {isa = PBXBuildFile; fileRef = 266821651C3D7F01001F369D /* Hankai.h */; settings = {ATTRIBUTES = (Public, ); }; };
		2668216E1C3D7F6A001F369D /* HKVars.h in Headers */ = {isa = PBXBuildFile; fileRef = 2668216D1C3D7F6A001F369D /* HKVars.h */; settings = {ATTRIBUTES = (Public, ); }; };
		266821851C3D7FD5001F369D /* HKActionView.h in Headers */ = {isa = PBXBuildFile; fileRef = 266821771C3D7FD5001F369D /* HKActionView.h */; settings = {ATTRIBUTES = (Public, ); }; };
		266821861C3D7FD5001F369D /* HKActionView.m in Sources */ = {isa = PBXBuildFile; fileRef = 266821781C3D7FD5001F369D /* HKActionView.m */; };
		266821871C3D7FD5001F369D /* HKLoadingView.h in Headers */ = {isa = PBXBuildFile; fileRef = 266821791C3D7FD5001F369D /* HKLoadingView.h */; settings = {ATTRIBUTES = (Public, ); }; };
		266821881C3D7FD5001F369D /* HKLoadingView.m in Sources */ = {isa = PBXBuildFile; fileRef = 2668217A1C3D7FD5001F369D /* HKLoadingView.m */; };
		266821891C3D7FD5001F369D /* HKToastView.h in Headers */ = {isa = PBXBuildFile; fileRef = 2668217B1C3D7FD5001F369D /* HKToastView.h */; settings = {ATTRIBUTES = (Public, ); }; };
		2668218A1C3D7FD5001F369D /* HKToastView.m in Sources */ = {isa = PBXBuildFile; fileRef = 2668217C1C3D7FD5001F369D /* HKToastView.m */; };
		2668218B1C3D7FD5001F369D /* HKTextViewViewController.h in Headers */ = {isa = PBXBuildFile; fileRef = 2668217D1C3D7FD5001F369D /* HKTextViewViewController.h */; settings = {ATTRIBUTES = (Public, ); }; };
		2668218C1C3D7FD5001F369D /* HKTextViewViewController.m in Sources */ = {isa = PBXBuildFile; fileRef = 2668217E1C3D7FD5001F369D /* HKTextViewViewController.m */; };
		2668218D1C3D7FD5001F369D /* HKCollectionViewWaterfallLayout.h in Headers */ = {isa = PBXBuildFile; fileRef = 2668217F1C3D7FD5001F369D /* HKCollectionViewWaterfallLayout.h */; settings = {ATTRIBUTES = (Public, ); }; };
		2668218E1C3D7FD5001F369D /* HKCollectionViewWaterfallLayout.m in Sources */ = {isa = PBXBuildFile; fileRef = 266821801C3D7FD5001F369D /* HKCollectionViewWaterfallLayout.m */; };
		2668218F1C3D7FD5001F369D /* HKImageCollectionViewCell.h in Headers */ = {isa = PBXBuildFile; fileRef = 266821811C3D7FD5001F369D /* HKImageCollectionViewCell.h */; settings = {ATTRIBUTES = (Public, ); }; };
		266821901C3D7FD5001F369D /* HKImageCollectionViewCell.m in Sources */ = {isa = PBXBuildFile; fileRef = 266821821C3D7FD5001F369D /* HKImageCollectionViewCell.m */; };
		266821911C3D7FD5001F369D /* GCDrawingImageView.h in Headers */ = {isa = PBXBuildFile; fileRef = 266821831C3D7FD5001F369D /* GCDrawingImageView.h */; settings = {ATTRIBUTES = (Public, ); }; };
		266821921C3D7FD5001F369D /* GCDrawingImageView.m in Sources */ = {isa = PBXBuildFile; fileRef = 266821841C3D7FD5001F369D /* GCDrawingImageView.m */; };
		266821951C3D7FEB001F369D /* HKFileSystem.h in Headers */ = {isa = PBXBuildFile; fileRef = 266821931C3D7FEB001F369D /* HKFileSystem.h */; settings = {ATTRIBUTES = (Public, ); }; };
		266821961C3D7FEB001F369D /* HKFileSystem.m in Sources */ = {isa = PBXBuildFile; fileRef = 266821941C3D7FEB001F369D /* HKFileSystem.m */; };
		2668219B1C3D7FFD001F369D /* HKAudioStreaming.h in Headers */ = {isa = PBXBuildFile; fileRef = 266821971C3D7FFD001F369D /* HKAudioStreaming.h */; settings = {ATTRIBUTES = (Public, ); }; };
		2668219C1C3D7FFD001F369D /* HKAudioStreaming.m in Sources */ = {isa = PBXBuildFile; fileRef = 266821981C3D7FFD001F369D /* HKAudioStreaming.m */; };
		2668219D1C3D7FFD001F369D /* HKAudioUtils.h in Headers */ = {isa = PBXBuildFile; fileRef = 266821991C3D7FFD001F369D /* HKAudioUtils.h */; settings = {ATTRIBUTES = (Public, ); }; };
		2668219E1C3D7FFD001F369D /* HKAudioUtils.m in Sources */ = {isa = PBXBuildFile; fileRef = 2668219A1C3D7FFD001F369D /* HKAudioUtils.m */; };
		266821A71C3D8007001F369D /* HKMath.h in Headers */ = {isa = PBXBuildFile; fileRef = 2668219F1C3D8007001F369D /* HKMath.h */; settings = {ATTRIBUTES = (Public, ); }; };
		266821A81C3D8007001F369D /* HKMath.m in Sources */ = {isa = PBXBuildFile; fileRef = 266821A01C3D8007001F369D /* HKMath.m */; };
		266821A91C3D8007001F369D /* HKMD5Helper.h in Headers */ = {isa = PBXBuildFile; fileRef = 266821A11C3D8007001F369D /* HKMD5Helper.h */; settings = {ATTRIBUTES = (Public, ); }; };
		266821AA1C3D8007001F369D /* HKMD5Helper.m in Sources */ = {isa = PBXBuildFile; fileRef = 266821A21C3D8007001F369D /* HKMD5Helper.m */; };
		266821AB1C3D8007001F369D /* HKAESHelper.h in Headers */ = {isa = PBXBuildFile; fileRef = 266821A31C3D8007001F369D /* HKAESHelper.h */; settings = {ATTRIBUTES = (Public, ); }; };
		266821AC1C3D8007001F369D /* HKAESHelper.m in Sources */ = {isa = PBXBuildFile; fileRef = 266821A41C3D8007001F369D /* HKAESHelper.m */; };
		266821AD1C3D8007001F369D /* HKBase64.h in Headers */ = {isa = PBXBuildFile; fileRef = 266821A51C3D8007001F369D /* HKBase64.h */; settings = {ATTRIBUTES = (Public, ); }; };
		266821AE1C3D8007001F369D /* HKBase64.m in Sources */ = {isa = PBXBuildFile; fileRef = 266821A61C3D8007001F369D /* HKBase64.m */; };
		266821B11C3D8013001F369D /* HKFilterManager.h in Headers */ = {isa = PBXBuildFile; fileRef = 266821AF1C3D8013001F369D /* HKFilterManager.h */; settings = {ATTRIBUTES = (Public, ); }; };
		266821B21C3D8013001F369D /* HKFilterManager.m in Sources */ = {isa = PBXBuildFile; fileRef = 266821B01C3D8013001F369D /* HKFilterManager.m */; };
		266821B91C3D803B001F369D /* HKDownloadCenter.h in Headers */ = {isa = PBXBuildFile; fileRef = 266821B31C3D803B001F369D /* HKDownloadCenter.h */; settings = {ATTRIBUTES = (Public, ); }; };
		266821BA1C3D803B001F369D /* HKDownloadCenter.m in Sources */ = {isa = PBXBuildFile; fileRef = 266821B41C3D803B001F369D /* HKDownloadCenter.m */; };
		266821BB1C3D803B001F369D /* HKJsonUtils.h in Headers */ = {isa = PBXBuildFile; fileRef = 266821B51C3D803B001F369D /* HKJsonUtils.h */; settings = {ATTRIBUTES = (Public, ); }; };
		266821BC1C3D803B001F369D /* HKJsonUtils.m in Sources */ = {isa = PBXBuildFile; fileRef = 266821B61C3D803B001F369D /* HKJsonUtils.m */; };
		266821BD1C3D803B001F369D /* HKHttpRequest.h in Headers */ = {isa = PBXBuildFile; fileRef = 266821B71C3D803B001F369D /* HKHttpRequest.h */; settings = {ATTRIBUTES = (Public, ); }; };
		266821BE1C3D803B001F369D /* HKHttpRequest.m in Sources */ = {isa = PBXBuildFile; fileRef = 266821B81C3D803B001F369D /* HKHttpRequest.m */; };
		266821E11C3D8046001F369D /* HKKeyValuePair.h in Headers */ = {isa = PBXBuildFile; fileRef = 266821BF1C3D8046001F369D /* HKKeyValuePair.h */; settings = {ATTRIBUTES = (Public, ); }; };
		266821E21C3D8046001F369D /* HKKeyValuePair.m in Sources */ = {isa = PBXBuildFile; fileRef = 266821C01C3D8046001F369D /* HKKeyValuePair.m */; };
		266821E31C3D8046001F369D /* HKReflection.h in Headers */ = {isa = PBXBuildFile; fileRef = 266821C11C3D8046001F369D /* HKReflection.h */; settings = {ATTRIBUTES = (Public, ); }; };
		266821E41C3D8046001F369D /* HKReflection.m in Sources */ = {isa = PBXBuildFile; fileRef = 266821C21C3D8046001F369D /* HKReflection.m */; };
		266821E51C3D8046001F369D /* NSData+LangExt.h in Headers */ = {isa = PBXBuildFile; fileRef = 266821C31C3D8046001F369D /* NSData+LangExt.h */; settings = {ATTRIBUTES = (Public, ); }; };
		266821E61C3D8046001F369D /* NSData+LangExt.m in Sources */ = {isa = PBXBuildFile; fileRef = 266821C41C3D8046001F369D /* NSData+LangExt.m */; };
		266821E71C3D8046001F369D /* NSDate+LangExt.h in Headers */ = {isa = PBXBuildFile; fileRef = 266821C51C3D8046001F369D /* NSDate+LangExt.h */; settings = {ATTRIBUTES = (Public, ); }; };
		266821E81C3D8046001F369D /* NSDate+LangExt.m in Sources */ = {isa = PBXBuildFile; fileRef = 266821C61C3D8046001F369D /* NSDate+LangExt.m */; };
		266821E91C3D8046001F369D /* NSObject+LangExt.h in Headers */ = {isa = PBXBuildFile; fileRef = 266821C71C3D8046001F369D /* NSObject+LangExt.h */; settings = {ATTRIBUTES = (Public, ); }; };
		266821EA1C3D8046001F369D /* NSObject+LangExt.m in Sources */ = {isa = PBXBuildFile; fileRef = 266821C81C3D8046001F369D /* NSObject+LangExt.m */; };
		266821EB1C3D8046001F369D /* NSString+LangExt.h in Headers */ = {isa = PBXBuildFile; fileRef = 266821C91C3D8046001F369D /* NSString+LangExt.h */; settings = {ATTRIBUTES = (Public, ); }; };
		266821EC1C3D8046001F369D /* NSString+LangExt.m in Sources */ = {isa = PBXBuildFile; fileRef = 266821CA1C3D8046001F369D /* NSString+LangExt.m */; };
		266821ED1C3D8046001F369D /* NSNumber+LangExt.h in Headers */ = {isa = PBXBuildFile; fileRef = 266821CB1C3D8046001F369D /* NSNumber+LangExt.h */; settings = {ATTRIBUTES = (Public, ); }; };
		266821EE1C3D8046001F369D /* NSNumber+LangExt.m in Sources */ = {isa = PBXBuildFile; fileRef = 266821CC1C3D8046001F369D /* NSNumber+LangExt.m */; };
		266821EF1C3D8046001F369D /* UIAlertView+LangExt.h in Headers */ = {isa = PBXBuildFile; fileRef = 266821CD1C3D8046001F369D /* UIAlertView+LangExt.h */; settings = {ATTRIBUTES = (Public, ); }; };
		266821F01C3D8046001F369D /* UIAlertView+LangExt.m in Sources */ = {isa = PBXBuildFile; fileRef = 266821CE1C3D8046001F369D /* UIAlertView+LangExt.m */; };
		266821F11C3D8046001F369D /* UIColor+LangExt.h in Headers */ = {isa = PBXBuildFile; fileRef = 266821CF1C3D8046001F369D /* UIColor+LangExt.h */; settings = {ATTRIBUTES = (Public, ); }; };
		266821F21C3D8046001F369D /* UIColor+LangExt.m in Sources */ = {isa = PBXBuildFile; fileRef = 266821D01C3D8046001F369D /* UIColor+LangExt.m */; };
		266821F31C3D8046001F369D /* UIImage+LangExt.h in Headers */ = {isa = PBXBuildFile; fileRef = 266821D11C3D8046001F369D /* UIImage+LangExt.h */; settings = {ATTRIBUTES = (Public, ); }; };
		266821F41C3D8046001F369D /* UIImage+LangExt.m in Sources */ = {isa = PBXBuildFile; fileRef = 266821D21C3D8046001F369D /* UIImage+LangExt.m */; };
		266821F51C3D8046001F369D /* UIViewController+LangExt.h in Headers */ = {isa = PBXBuildFile; fileRef = 266821D31C3D8046001F369D /* UIViewController+LangExt.h */; settings = {ATTRIBUTES = (Public, ); }; };
		266821F61C3D8046001F369D /* UIViewController+LangExt.m in Sources */ = {isa = PBXBuildFile; fileRef = 266821D41C3D8046001F369D /* UIViewController+LangExt.m */; };
		266821F71C3D8046001F369D /* UIImageView+LangExt.h in Headers */ = {isa = PBXBuildFile; fileRef = 266821D51C3D8046001F369D /* UIImageView+LangExt.h */; settings = {ATTRIBUTES = (Public, ); }; };
		266821F81C3D8046001F369D /* UIImageView+LangExt.m in Sources */ = {isa = PBXBuildFile; fileRef = 266821D61C3D8046001F369D /* UIImageView+LangExt.m */; };
		266821F91C3D8046001F369D /* UINavigationController+LangExt.h in Headers */ = {isa = PBXBuildFile; fileRef = 266821D71C3D8046001F369D /* UINavigationController+LangExt.h */; settings = {ATTRIBUTES = (Public, ); }; };
		266821FA1C3D8046001F369D /* UINavigationController+LangExt.m in Sources */ = {isa = PBXBuildFile; fileRef = 266821D81C3D8046001F369D /* UINavigationController+LangExt.m */; };
		266821FB1C3D8046001F369D /* UITableViewCell+LangExt.h in Headers */ = {isa = PBXBuildFile; fileRef = 266821D91C3D8046001F369D /* UITableViewCell+LangExt.h */; settings = {ATTRIBUTES = (Public, ); }; };
		266821FC1C3D8046001F369D /* UITableViewCell+LangExt.m in Sources */ = {isa = PBXBuildFile; fileRef = 266821DA1C3D8046001F369D /* UITableViewCell+LangExt.m */; };
		266821FD1C3D8046001F369D /* UIView+LangExt.h in Headers */ = {isa = PBXBuildFile; fileRef = 266821DB1C3D8046001F369D /* UIView+LangExt.h */; settings = {ATTRIBUTES = (Public, ); }; };
		266821FE1C3D8046001F369D /* UIView+LangExt.m in Sources */ = {isa = PBXBuildFile; fileRef = 266821DC1C3D8046001F369D /* UIView+LangExt.m */; };
		266821FF1C3D8046001F369D /* UISearchBar+LangExt.h in Headers */ = {isa = PBXBuildFile; fileRef = 266821DD1C3D8046001F369D /* UISearchBar+LangExt.h */; settings = {ATTRIBUTES = (Public, ); }; };
		266822001C3D8046001F369D /* UISearchBar+LangExt.m in Sources */ = {isa = PBXBuildFile; fileRef = 266821DE1C3D8046001F369D /* UISearchBar+LangExt.m */; };
		266822011C3D8046001F369D /* UITextField+LangExt.h in Headers */ = {isa = PBXBuildFile; fileRef = 266821DF1C3D8046001F369D /* UITextField+LangExt.h */; settings = {ATTRIBUTES = (Public, ); }; };
		266822021C3D8046001F369D /* UITextField+LangExt.m in Sources */ = {isa = PBXBuildFile; fileRef = 266821E01C3D8046001F369D /* UITextField+LangExt.m */; };
		2668220E1C3D8565001F369D /* Hankai.framework in Frameworks */ = {isa = PBXBuildFile; fileRef = 266821621C3D7F01001F369D /* Hankai.framework */; };
		266822171C3D8580001F369D /* HKDefaultDownloaderTests.m in Sources */ = {isa = PBXBuildFile; fileRef = 266822141C3D8580001F369D /* HKDefaultDownloaderTests.m */; };
		266822181C3D8580001F369D /* HKHttpRequestTests.m in Sources */ = {isa = PBXBuildFile; fileRef = 266822151C3D8580001F369D /* HKHttpRequestTests.m */; };
		266822191C3D8580001F369D /* HKJsonUtilsTests.m in Sources */ = {isa = PBXBuildFile; fileRef = 266822161C3D8580001F369D /* HKJsonUtilsTests.m */; };
		266822221C3D85A7001F369D /* main.m in Sources */ = {isa = PBXBuildFile; fileRef = 266822211C3D85A7001F369D /* main.m */; };
		266822251C3D85A7001F369D /* AppDelegate.m in Sources */ = {isa = PBXBuildFile; fileRef = 266822241C3D85A7001F369D /* AppDelegate.m */; };
		2668222E1C3D85A7001F369D /* Main.storyboard in Resources */ = {isa = PBXBuildFile; fileRef = 2668222C1C3D85A7001F369D /* Main.storyboard */; };
		266822301C3D85A7001F369D /* LibHankaiAssets.xcassets in Resources */ = {isa = PBXBuildFile; fileRef = 2668222F1C3D85A7001F369D /* LibHankaiAssets.xcassets */; };
		266822331C3D85A7001F369D /* LibHankaiLaunch.storyboard in Resources */ = {isa = PBXBuildFile; fileRef = 266822311C3D85A7001F369D /* LibHankaiLaunch.storyboard */; };
		2668223E1C3D85C8001F369D /* HKAudioViewController.m in Sources */ = {isa = PBXBuildFile; fileRef = 266822391C3D85C8001F369D /* HKAudioViewController.m */; };
		2668223F1C3D85C8001F369D /* HKGUIViewController.m in Sources */ = {isa = PBXBuildFile; fileRef = 2668223B1C3D85C8001F369D /* HKGUIViewController.m */; };
		266822401C3D85C8001F369D /* HKLangExtViewController.m in Sources */ = {isa = PBXBuildFile; fileRef = 2668223D1C3D85C8001F369D /* HKLangExtViewController.m */; };
		266BBA011C3D8F69009DD4C9 /* Hankai.framework in Frameworks */ = {isa = PBXBuildFile; fileRef = 266821621C3D7F01001F369D /* Hankai.framework */; };
		2682E68D1ED670C1001713D5 /* UIButton+LangExt.h in Headers */ = {isa = PBXBuildFile; fileRef = 2682E68B1ED670C1001713D5 /* UIButton+LangExt.h */; settings = {ATTRIBUTES = (Public, ); }; };
		2682E68E1ED670C1001713D5 /* UIButton+LangExt.m in Sources */ = {isa = PBXBuildFile; fileRef = 2682E68C1ED670C1001713D5 /* UIButton+LangExt.m */; };
		269F284A1E58344500FBA248 /* HKTypeConverter.h in Headers */ = {isa = PBXBuildFile; fileRef = 269F28481E58344500FBA248 /* HKTypeConverter.h */; settings = {ATTRIBUTES = (Public, ); }; };
		269F284B1E58344500FBA248 /* HKTypeConverter.m in Sources */ = {isa = PBXBuildFile; fileRef = 269F28491E58344500FBA248 /* HKTypeConverter.m */; };
		26C4BD251C5B3F4C000B2D0A /* UITableView+LangExt.h in Headers */ = {isa = PBXBuildFile; fileRef = 26C4BD231C5B3F4C000B2D0A /* UITableView+LangExt.h */; settings = {ATTRIBUTES = (Public, ); }; };
		26C4BD261C5B3F4C000B2D0A /* UITableView+LangExt.m in Sources */ = {isa = PBXBuildFile; fileRef = 26C4BD241C5B3F4C000B2D0A /* UITableView+LangExt.m */; };
		26CB915C1ED52A73000082E1 /* GCDrawingImageViewController.m in Sources */ = {isa = PBXBuildFile; fileRef = 26CB915B1ED52A72000082E1 /* GCDrawingImageViewController.m */; };
/* End PBXBuildFile section */

/* Begin PBXContainerItemProxy section */
		26216CD11C3D8BB100DB5EF5 /* PBXContainerItemProxy */ = {
			isa = PBXContainerItemProxy;
			containerPortal = 266821591C3D7F01001F369D /* Project object */;
			proxyType = 1;
			remoteGlobalIDString = 266821611C3D7F01001F369D;
			remoteInfo = Hankai;
		};
		2668220F1C3D8565001F369D /* PBXContainerItemProxy */ = {
			isa = PBXContainerItemProxy;
			containerPortal = 266821591C3D7F01001F369D /* Project object */;
			proxyType = 1;
			remoteGlobalIDString = 266821611C3D7F01001F369D;
			remoteInfo = Hankai;
		};
/* End PBXContainerItemProxy section */

/* Begin PBXFileReference section */
		26044B001E77F15800358594 /* HKConfigViewController.h */ = {isa = PBXFileReference; fileEncoding = 4; lastKnownFileType = sourcecode.c.h; path = HKConfigViewController.h; sourceTree = "<group>"; };
		26044B011E77F15800358594 /* HKConfigViewController.m */ = {isa = PBXFileReference; fileEncoding = 4; lastKnownFileType = sourcecode.c.objc; path = HKConfigViewController.m; sourceTree = "<group>"; };
		266821621C3D7F01001F369D /* Hankai.framework */ = {isa = PBXFileReference; explicitFileType = wrapper.framework; includeInIndex = 0; path = Hankai.framework; sourceTree = BUILT_PRODUCTS_DIR; };
		266821651C3D7F01001F369D /* Hankai.h */ = {isa = PBXFileReference; lastKnownFileType = sourcecode.c.h; path = Hankai.h; sourceTree = "<group>"; };
		266821671C3D7F01001F369D /* Info.plist */ = {isa = PBXFileReference; lastKnownFileType = text.plist.xml; path = Info.plist; sourceTree = "<group>"; };
		2668216D1C3D7F6A001F369D /* HKVars.h */ = {isa = PBXFileReference; fileEncoding = 4; lastKnownFileType = sourcecode.c.h; path = HKVars.h; sourceTree = "<group>"; };
		266821771C3D7FD5001F369D /* HKActionView.h */ = {isa = PBXFileReference; fileEncoding = 4; lastKnownFileType = sourcecode.c.h; path = HKActionView.h; sourceTree = "<group>"; };
		266821781C3D7FD5001F369D /* HKActionView.m */ = {isa = PBXFileReference; fileEncoding = 4; lastKnownFileType = sourcecode.c.objc; path = HKActionView.m; sourceTree = "<group>"; };
		266821791C3D7FD5001F369D /* HKLoadingView.h */ = {isa = PBXFileReference; fileEncoding = 4; lastKnownFileType = sourcecode.c.h; path = HKLoadingView.h; sourceTree = "<group>"; };
		2668217A1C3D7FD5001F369D /* HKLoadingView.m */ = {isa = PBXFileReference; fileEncoding = 4; lastKnownFileType = sourcecode.c.objc; path = HKLoadingView.m; sourceTree = "<group>"; };
		2668217B1C3D7FD5001F369D /* HKToastView.h */ = {isa = PBXFileReference; fileEncoding = 4; lastKnownFileType = sourcecode.c.h; path = HKToastView.h; sourceTree = "<group>"; };
		2668217C1C3D7FD5001F369D /* HKToastView.m */ = {isa = PBXFileReference; fileEncoding = 4; lastKnownFileType = sourcecode.c.objc; path = HKToastView.m; sourceTree = "<group>"; };
		2668217D1C3D7FD5001F369D /* HKTextViewViewController.h */ = {isa = PBXFileReference; fileEncoding = 4; lastKnownFileType = sourcecode.c.h; path = HKTextViewViewController.h; sourceTree = "<group>"; };
		2668217E1C3D7FD5001F369D /* HKTextViewViewController.m */ = {isa = PBXFileReference; fileEncoding = 4; lastKnownFileType = sourcecode.c.objc; path = HKTextViewViewController.m; sourceTree = "<group>"; };
		2668217F1C3D7FD5001F369D /* HKCollectionViewWaterfallLayout.h */ = {isa = PBXFileReference; fileEncoding = 4; lastKnownFileType = sourcecode.c.h; path = HKCollectionViewWaterfallLayout.h; sourceTree = "<group>"; };
		266821801C3D7FD5001F369D /* HKCollectionViewWaterfallLayout.m */ = {isa = PBXFileReference; fileEncoding = 4; lastKnownFileType = sourcecode.c.objc; path = HKCollectionViewWaterfallLayout.m; sourceTree = "<group>"; };
		266821811C3D7FD5001F369D /* HKImageCollectionViewCell.h */ = {isa = PBXFileReference; fileEncoding = 4; lastKnownFileType = sourcecode.c.h; path = HKImageCollectionViewCell.h; sourceTree = "<group>"; };
		266821821C3D7FD5001F369D /* HKImageCollectionViewCell.m */ = {isa = PBXFileReference; fileEncoding = 4; lastKnownFileType = sourcecode.c.objc; path = HKImageCollectionViewCell.m; sourceTree = "<group>"; };
		266821831C3D7FD5001F369D /* GCDrawingImageView.h */ = {isa = PBXFileReference; fileEncoding = 4; lastKnownFileType = sourcecode.c.h; path = GCDrawingImageView.h; sourceTree = "<group>"; };
		266821841C3D7FD5001F369D /* GCDrawingImageView.m */ = {isa = PBXFileReference; fileEncoding = 4; lastKnownFileType = sourcecode.c.objc; path = GCDrawingImageView.m; sourceTree = "<group>"; };
		266821931C3D7FEB001F369D /* HKFileSystem.h */ = {isa = PBXFileReference; fileEncoding = 4; lastKnownFileType = sourcecode.c.h; path = HKFileSystem.h; sourceTree = "<group>"; };
		266821941C3D7FEB001F369D /* HKFileSystem.m */ = {isa = PBXFileReference; fileEncoding = 4; lastKnownFileType = sourcecode.c.objc; path = HKFileSystem.m; sourceTree = "<group>"; };
		266821971C3D7FFD001F369D /* HKAudioStreaming.h */ = {isa = PBXFileReference; fileEncoding = 4; lastKnownFileType = sourcecode.c.h; path = HKAudioStreaming.h; sourceTree = "<group>"; };
		266821981C3D7FFD001F369D /* HKAudioStreaming.m */ = {isa = PBXFileReference; fileEncoding = 4; lastKnownFileType = sourcecode.c.objc; path = HKAudioStreaming.m; sourceTree = "<group>"; };
		266821991C3D7FFD001F369D /* HKAudioUtils.h */ = {isa = PBXFileReference; fileEncoding = 4; lastKnownFileType = sourcecode.c.h; path = HKAudioUtils.h; sourceTree = "<group>"; };
		2668219A1C3D7FFD001F369D /* HKAudioUtils.m */ = {isa = PBXFileReference; fileEncoding = 4; lastKnownFileType = sourcecode.c.objc; path = HKAudioUtils.m; sourceTree = "<group>"; };
		2668219F1C3D8007001F369D /* HKMath.h */ = {isa = PBXFileReference; fileEncoding = 4; lastKnownFileType = sourcecode.c.h; path = HKMath.h; sourceTree = "<group>"; };
		266821A01C3D8007001F369D /* HKMath.m */ = {isa = PBXFileReference; fileEncoding = 4; lastKnownFileType = sourcecode.c.objc; path = HKMath.m; sourceTree = "<group>"; };
		266821A11C3D8007001F369D /* HKMD5Helper.h */ = {isa = PBXFileReference; fileEncoding = 4; lastKnownFileType = sourcecode.c.h; path = HKMD5Helper.h; sourceTree = "<group>"; };
		266821A21C3D8007001F369D /* HKMD5Helper.m */ = {isa = PBXFileReference; fileEncoding = 4; lastKnownFileType = sourcecode.c.objc; path = HKMD5Helper.m; sourceTree = "<group>"; };
		266821A31C3D8007001F369D /* HKAESHelper.h */ = {isa = PBXFileReference; fileEncoding = 4; lastKnownFileType = sourcecode.c.h; path = HKAESHelper.h; sourceTree = "<group>"; };
		266821A41C3D8007001F369D /* HKAESHelper.m */ = {isa = PBXFileReference; fileEncoding = 4; lastKnownFileType = sourcecode.c.objc; path = HKAESHelper.m; sourceTree = "<group>"; };
		266821A51C3D8007001F369D /* HKBase64.h */ = {isa = PBXFileReference; fileEncoding = 4; lastKnownFileType = sourcecode.c.h; path = HKBase64.h; sourceTree = "<group>"; };
		266821A61C3D8007001F369D /* HKBase64.m */ = {isa = PBXFileReference; fileEncoding = 4; lastKnownFileType = sourcecode.c.objc; path = HKBase64.m; sourceTree = "<group>"; };
		266821AF1C3D8013001F369D /* HKFilterManager.h */ = {isa = PBXFileReference; fileEncoding = 4; lastKnownFileType = sourcecode.c.h; path = HKFilterManager.h; sourceTree = "<group>"; };
		266821B01C3D8013001F369D /* HKFilterManager.m */ = {isa = PBXFileReference; fileEncoding = 4; lastKnownFileType = sourcecode.c.objc; path = HKFilterManager.m; sourceTree = "<group>"; };
		266821B31C3D803B001F369D /* HKDownloadCenter.h */ = {isa = PBXFileReference; fileEncoding = 4; lastKnownFileType = sourcecode.c.h; path = HKDownloadCenter.h; sourceTree = "<group>"; };
		266821B41C3D803B001F369D /* HKDownloadCenter.m */ = {isa = PBXFileReference; fileEncoding = 4; lastKnownFileType = sourcecode.c.objc; path = HKDownloadCenter.m; sourceTree = "<group>"; };
		266821B51C3D803B001F369D /* HKJsonUtils.h */ = {isa = PBXFileReference; fileEncoding = 4; lastKnownFileType = sourcecode.c.h; path = HKJsonUtils.h; sourceTree = "<group>"; };
		266821B61C3D803B001F369D /* HKJsonUtils.m */ = {isa = PBXFileReference; fileEncoding = 4; lastKnownFileType = sourcecode.c.objc; path = HKJsonUtils.m; sourceTree = "<group>"; };
		266821B71C3D803B001F369D /* HKHttpRequest.h */ = {isa = PBXFileReference; fileEncoding = 4; lastKnownFileType = sourcecode.c.h; path = HKHttpRequest.h; sourceTree = "<group>"; };
		266821B81C3D803B001F369D /* HKHttpRequest.m */ = {isa = PBXFileReference; fileEncoding = 4; lastKnownFileType = sourcecode.c.objc; path = HKHttpRequest.m; sourceTree = "<group>"; };
		266821BF1C3D8046001F369D /* HKKeyValuePair.h */ = {isa = PBXFileReference; fileEncoding = 4; lastKnownFileType = sourcecode.c.h; path = HKKeyValuePair.h; sourceTree = "<group>"; };
		266821C01C3D8046001F369D /* HKKeyValuePair.m */ = {isa = PBXFileReference; fileEncoding = 4; lastKnownFileType = sourcecode.c.objc; path = HKKeyValuePair.m; sourceTree = "<group>"; };
		266821C11C3D8046001F369D /* HKReflection.h */ = {isa = PBXFileReference; fileEncoding = 4; lastKnownFileType = sourcecode.c.h; path = HKReflection.h; sourceTree = "<group>"; };
		266821C21C3D8046001F369D /* HKReflection.m */ = {isa = PBXFileReference; fileEncoding = 4; lastKnownFileType = sourcecode.c.objc; path = HKReflection.m; sourceTree = "<group>"; };
		266821C31C3D8046001F369D /* NSData+LangExt.h */ = {isa = PBXFileReference; fileEncoding = 4; lastKnownFileType = sourcecode.c.h; path = "NSData+LangExt.h"; sourceTree = "<group>"; };
		266821C41C3D8046001F369D /* NSData+LangExt.m */ = {isa = PBXFileReference; fileEncoding = 4; lastKnownFileType = sourcecode.c.objc; path = "NSData+LangExt.m"; sourceTree = "<group>"; };
		266821C51C3D8046001F369D /* NSDate+LangExt.h */ = {isa = PBXFileReference; fileEncoding = 4; lastKnownFileType = sourcecode.c.h; path = "NSDate+LangExt.h"; sourceTree = "<group>"; };
		266821C61C3D8046001F369D /* NSDate+LangExt.m */ = {isa = PBXFileReference; fileEncoding = 4; lastKnownFileType = sourcecode.c.objc; path = "NSDate+LangExt.m"; sourceTree = "<group>"; };
		266821C71C3D8046001F369D /* NSObject+LangExt.h */ = {isa = PBXFileReference; fileEncoding = 4; lastKnownFileType = sourcecode.c.h; path = "NSObject+LangExt.h"; sourceTree = "<group>"; };
		266821C81C3D8046001F369D /* NSObject+LangExt.m */ = {isa = PBXFileReference; fileEncoding = 4; lastKnownFileType = sourcecode.c.objc; path = "NSObject+LangExt.m"; sourceTree = "<group>"; };
		266821C91C3D8046001F369D /* NSString+LangExt.h */ = {isa = PBXFileReference; fileEncoding = 4; lastKnownFileType = sourcecode.c.h; path = "NSString+LangExt.h"; sourceTree = "<group>"; };
		266821CA1C3D8046001F369D /* NSString+LangExt.m */ = {isa = PBXFileReference; fileEncoding = 4; lastKnownFileType = sourcecode.c.objc; path = "NSString+LangExt.m"; sourceTree = "<group>"; };
		266821CB1C3D8046001F369D /* NSNumber+LangExt.h */ = {isa = PBXFileReference; fileEncoding = 4; lastKnownFileType = sourcecode.c.h; path = "NSNumber+LangExt.h"; sourceTree = "<group>"; };
		266821CC1C3D8046001F369D /* NSNumber+LangExt.m */ = {isa = PBXFileReference; fileEncoding = 4; lastKnownFileType = sourcecode.c.objc; path = "NSNumber+LangExt.m"; sourceTree = "<group>"; };
		266821CD1C3D8046001F369D /* UIAlertView+LangExt.h */ = {isa = PBXFileReference; fileEncoding = 4; lastKnownFileType = sourcecode.c.h; path = "UIAlertView+LangExt.h"; sourceTree = "<group>"; };
		266821CE1C3D8046001F369D /* UIAlertView+LangExt.m */ = {isa = PBXFileReference; fileEncoding = 4; lastKnownFileType = sourcecode.c.objc; path = "UIAlertView+LangExt.m"; sourceTree = "<group>"; };
		266821CF1C3D8046001F369D /* UIColor+LangExt.h */ = {isa = PBXFileReference; fileEncoding = 4; lastKnownFileType = sourcecode.c.h; path = "UIColor+LangExt.h"; sourceTree = "<group>"; };
		266821D01C3D8046001F369D /* UIColor+LangExt.m */ = {isa = PBXFileReference; fileEncoding = 4; lastKnownFileType = sourcecode.c.objc; path = "UIColor+LangExt.m"; sourceTree = "<group>"; };
		266821D11C3D8046001F369D /* UIImage+LangExt.h */ = {isa = PBXFileReference; fileEncoding = 4; lastKnownFileType = sourcecode.c.h; path = "UIImage+LangExt.h"; sourceTree = "<group>"; };
		266821D21C3D8046001F369D /* UIImage+LangExt.m */ = {isa = PBXFileReference; fileEncoding = 4; lastKnownFileType = sourcecode.c.objc; path = "UIImage+LangExt.m"; sourceTree = "<group>"; };
		266821D31C3D8046001F369D /* UIViewController+LangExt.h */ = {isa = PBXFileReference; fileEncoding = 4; lastKnownFileType = sourcecode.c.h; path = "UIViewController+LangExt.h"; sourceTree = "<group>"; };
		266821D41C3D8046001F369D /* UIViewController+LangExt.m */ = {isa = PBXFileReference; fileEncoding = 4; lastKnownFileType = sourcecode.c.objc; path = "UIViewController+LangExt.m"; sourceTree = "<group>"; };
		266821D51C3D8046001F369D /* UIImageView+LangExt.h */ = {isa = PBXFileReference; fileEncoding = 4; lastKnownFileType = sourcecode.c.h; path = "UIImageView+LangExt.h"; sourceTree = "<group>"; };
		266821D61C3D8046001F369D /* UIImageView+LangExt.m */ = {isa = PBXFileReference; fileEncoding = 4; lastKnownFileType = sourcecode.c.objc; path = "UIImageView+LangExt.m"; sourceTree = "<group>"; };
		266821D71C3D8046001F369D /* UINavigationController+LangExt.h */ = {isa = PBXFileReference; fileEncoding = 4; lastKnownFileType = sourcecode.c.h; path = "UINavigationController+LangExt.h"; sourceTree = "<group>"; };
		266821D81C3D8046001F369D /* UINavigationController+LangExt.m */ = {isa = PBXFileReference; fileEncoding = 4; lastKnownFileType = sourcecode.c.objc; path = "UINavigationController+LangExt.m"; sourceTree = "<group>"; };
		266821D91C3D8046001F369D /* UITableViewCell+LangExt.h */ = {isa = PBXFileReference; fileEncoding = 4; lastKnownFileType = sourcecode.c.h; path = "UITableViewCell+LangExt.h"; sourceTree = "<group>"; };
		266821DA1C3D8046001F369D /* UITableViewCell+LangExt.m */ = {isa = PBXFileReference; fileEncoding = 4; lastKnownFileType = sourcecode.c.objc; path = "UITableViewCell+LangExt.m"; sourceTree = "<group>"; };
		266821DB1C3D8046001F369D /* UIView+LangExt.h */ = {isa = PBXFileReference; fileEncoding = 4; lastKnownFileType = sourcecode.c.h; path = "UIView+LangExt.h"; sourceTree = "<group>"; };
		266821DC1C3D8046001F369D /* UIView+LangExt.m */ = {isa = PBXFileReference; fileEncoding = 4; lastKnownFileType = sourcecode.c.objc; path = "UIView+LangExt.m"; sourceTree = "<group>"; };
		266821DD1C3D8046001F369D /* UISearchBar+LangExt.h */ = {isa = PBXFileReference; fileEncoding = 4; lastKnownFileType = sourcecode.c.h; path = "UISearchBar+LangExt.h"; sourceTree = "<group>"; };
		266821DE1C3D8046001F369D /* UISearchBar+LangExt.m */ = {isa = PBXFileReference; fileEncoding = 4; lastKnownFileType = sourcecode.c.objc; path = "UISearchBar+LangExt.m"; sourceTree = "<group>"; };
		266821DF1C3D8046001F369D /* UITextField+LangExt.h */ = {isa = PBXFileReference; fileEncoding = 4; lastKnownFileType = sourcecode.c.h; path = "UITextField+LangExt.h"; sourceTree = "<group>"; };
		266821E01C3D8046001F369D /* UITextField+LangExt.m */ = {isa = PBXFileReference; fileEncoding = 4; lastKnownFileType = sourcecode.c.objc; path = "UITextField+LangExt.m"; sourceTree = "<group>"; };
		266822091C3D8565001F369D /* HankaiTests.xctest */ = {isa = PBXFileReference; explicitFileType = wrapper.cfbundle; includeInIndex = 0; path = HankaiTests.xctest; sourceTree = BUILT_PRODUCTS_DIR; };
		2668220D1C3D8565001F369D /* Info.plist */ = {isa = PBXFileReference; lastKnownFileType = text.plist.xml; path = Info.plist; sourceTree = "<group>"; };
		266822141C3D8580001F369D /* HKDefaultDownloaderTests.m */ = {isa = PBXFileReference; fileEncoding = 4; lastKnownFileType = sourcecode.c.objc; path = HKDefaultDownloaderTests.m; sourceTree = "<group>"; };
		266822151C3D8580001F369D /* HKHttpRequestTests.m */ = {isa = PBXFileReference; fileEncoding = 4; lastKnownFileType = sourcecode.c.objc; path = HKHttpRequestTests.m; sourceTree = "<group>"; };
		266822161C3D8580001F369D /* HKJsonUtilsTests.m */ = {isa = PBXFileReference; fileEncoding = 4; lastKnownFileType = sourcecode.c.objc; path = HKJsonUtilsTests.m; sourceTree = "<group>"; };
		2668221E1C3D85A7001F369D /* iOSDemo.app */ = {isa = PBXFileReference; explicitFileType = wrapper.application; includeInIndex = 0; path = iOSDemo.app; sourceTree = BUILT_PRODUCTS_DIR; };
		266822211C3D85A7001F369D /* main.m */ = {isa = PBXFileReference; lastKnownFileType = sourcecode.c.objc; path = main.m; sourceTree = "<group>"; };
		266822231C3D85A7001F369D /* AppDelegate.h */ = {isa = PBXFileReference; lastKnownFileType = sourcecode.c.h; path = AppDelegate.h; sourceTree = "<group>"; };
		266822241C3D85A7001F369D /* AppDelegate.m */ = {isa = PBXFileReference; lastKnownFileType = sourcecode.c.objc; path = AppDelegate.m; sourceTree = "<group>"; };
		2668222D1C3D85A7001F369D /* Base */ = {isa = PBXFileReference; lastKnownFileType = file.storyboard; name = Base; path = Base.lproj/Main.storyboard; sourceTree = "<group>"; };
		2668222F1C3D85A7001F369D /* LibHankaiAssets.xcassets */ = {isa = PBXFileReference; lastKnownFileType = folder.assetcatalog; path = LibHankaiAssets.xcassets; sourceTree = "<group>"; };
		266822321C3D85A7001F369D /* Base */ = {isa = PBXFileReference; lastKnownFileType = file.storyboard; name = Base; path = Base.lproj/LibHankaiLaunch.storyboard; sourceTree = "<group>"; };
		266822341C3D85A7001F369D /* Info.plist */ = {isa = PBXFileReference; lastKnownFileType = text.plist.xml; path = Info.plist; sourceTree = "<group>"; };
		266822381C3D85C8001F369D /* HKAudioViewController.h */ = {isa = PBXFileReference; fileEncoding = 4; lastKnownFileType = sourcecode.c.h; path = HKAudioViewController.h; sourceTree = "<group>"; };
		266822391C3D85C8001F369D /* HKAudioViewController.m */ = {isa = PBXFileReference; fileEncoding = 4; lastKnownFileType = sourcecode.c.objc; path = HKAudioViewController.m; sourceTree = "<group>"; };
		2668223A1C3D85C8001F369D /* HKGUIViewController.h */ = {isa = PBXFileReference; fileEncoding = 4; lastKnownFileType = sourcecode.c.h; path = HKGUIViewController.h; sourceTree = "<group>"; };
		2668223B1C3D85C8001F369D /* HKGUIViewController.m */ = {isa = PBXFileReference; fileEncoding = 4; lastKnownFileType = sourcecode.c.objc; path = HKGUIViewController.m; sourceTree = "<group>"; };
		2668223C1C3D85C8001F369D /* HKLangExtViewController.h */ = {isa = PBXFileReference; fileEncoding = 4; lastKnownFileType = sourcecode.c.h; path = HKLangExtViewController.h; sourceTree = "<group>"; };
		2668223D1C3D85C8001F369D /* HKLangExtViewController.m */ = {isa = PBXFileReference; fileEncoding = 4; lastKnownFileType = sourcecode.c.objc; path = HKLangExtViewController.m; sourceTree = "<group>"; };
		2682E68B1ED670C1001713D5 /* UIButton+LangExt.h */ = {isa = PBXFileReference; fileEncoding = 4; lastKnownFileType = sourcecode.c.h; path = "UIButton+LangExt.h"; sourceTree = "<group>"; };
		2682E68C1ED670C1001713D5 /* UIButton+LangExt.m */ = {isa = PBXFileReference; fileEncoding = 4; lastKnownFileType = sourcecode.c.objc; path = "UIButton+LangExt.m"; sourceTree = "<group>"; };
		269F28481E58344500FBA248 /* HKTypeConverter.h */ = {isa = PBXFileReference; fileEncoding = 4; lastKnownFileType = sourcecode.c.h; path = HKTypeConverter.h; sourceTree = "<group>"; };
		269F28491E58344500FBA248 /* HKTypeConverter.m */ = {isa = PBXFileReference; fileEncoding = 4; lastKnownFileType = sourcecode.c.objc; path = HKTypeConverter.m; sourceTree = "<group>"; };
		26C4BD231C5B3F4C000B2D0A /* UITableView+LangExt.h */ = {isa = PBXFileReference; fileEncoding = 4; lastKnownFileType = sourcecode.c.h; path = "UITableView+LangExt.h"; sourceTree = "<group>"; };
		26C4BD241C5B3F4C000B2D0A /* UITableView+LangExt.m */ = {isa = PBXFileReference; fileEncoding = 4; lastKnownFileType = sourcecode.c.objc; path = "UITableView+LangExt.m"; sourceTree = "<group>"; };
		26CB915A1ED52A72000082E1 /* GCDrawingImageViewController.h */ = {isa = PBXFileReference; fileEncoding = 4; lastKnownFileType = sourcecode.c.h; path = GCDrawingImageViewController.h; sourceTree = "<group>"; };
		26CB915B1ED52A72000082E1 /* GCDrawingImageViewController.m */ = {isa = PBXFileReference; fileEncoding = 4; lastKnownFileType = sourcecode.c.objc; path = GCDrawingImageViewController.m; sourceTree = "<group>"; };
/* End PBXFileReference section */

/* Begin PBXFrameworksBuildPhase section */
		2668215E1C3D7F01001F369D /* Frameworks */ = {
			isa = PBXFrameworksBuildPhase;
			buildActionMask = 2147483647;
			files = (
			);
			runOnlyForDeploymentPostprocessing = 0;
		};
		266822061C3D8565001F369D /* Frameworks */ = {
			isa = PBXFrameworksBuildPhase;
			buildActionMask = 2147483647;
			files = (
				2668220E1C3D8565001F369D /* Hankai.framework in Frameworks */,
			);
			runOnlyForDeploymentPostprocessing = 0;
		};
		2668221B1C3D85A7001F369D /* Frameworks */ = {
			isa = PBXFrameworksBuildPhase;
			buildActionMask = 2147483647;
			files = (
				266BBA011C3D8F69009DD4C9 /* Hankai.framework in Frameworks */,
			);
			runOnlyForDeploymentPostprocessing = 0;
		};
/* End PBXFrameworksBuildPhase section */

/* Begin PBXGroup section */
		266821581C3D7F01001F369D = {
			isa = PBXGroup;
			children = (
				266821641C3D7F01001F369D /* Hankai */,
				2668220A1C3D8565001F369D /* HankaiTests */,
				2668221F1C3D85A7001F369D /* iOSDemo */,
				266821631C3D7F01001F369D /* Products */,
			);
			sourceTree = "<group>";
		};
		266821631C3D7F01001F369D /* Products */ = {
			isa = PBXGroup;
			children = (
				266821621C3D7F01001F369D /* Hankai.framework */,
				266822091C3D8565001F369D /* HankaiTests.xctest */,
				2668221E1C3D85A7001F369D /* iOSDemo.app */,
			);
			name = Products;
			sourceTree = "<group>";
		};
		266821641C3D7F01001F369D /* Hankai */ = {
			isa = PBXGroup;
			children = (
				266821651C3D7F01001F369D /* Hankai.h */,
				2668216D1C3D7F6A001F369D /* HKVars.h */,
				266821761C3D7FA4001F369D /* GUI */,
				266821751C3D7FA1001F369D /* File System */,
				266821741C3D7F9E001F369D /* Audio Process */,
				266821731C3D7F97001F369D /* Algorithms */,
				266821721C3D7F8F001F369D /* Image Process */,
				266821711C3D7F8C001F369D /* Network */,
				266821701C3D7F84001F369D /* LangExt */,
				2668216F1C3D7F77001F369D /* Supporting Files */,
			);
			path = Hankai;
			sourceTree = "<group>";
		};
		2668216F1C3D7F77001F369D /* Supporting Files */ = {
			isa = PBXGroup;
			children = (
				266821671C3D7F01001F369D /* Info.plist */,
			);
			name = "Supporting Files";
			sourceTree = "<group>";
		};
		266821701C3D7F84001F369D /* LangExt */ = {
			isa = PBXGroup;
			children = (
				266821BF1C3D8046001F369D /* HKKeyValuePair.h */,
				266821C01C3D8046001F369D /* HKKeyValuePair.m */,
				266821C11C3D8046001F369D /* HKReflection.h */,
				266821C21C3D8046001F369D /* HKReflection.m */,
				266821C31C3D8046001F369D /* NSData+LangExt.h */,
				266821C41C3D8046001F369D /* NSData+LangExt.m */,
				266821C51C3D8046001F369D /* NSDate+LangExt.h */,
				266821C61C3D8046001F369D /* NSDate+LangExt.m */,
				266821C71C3D8046001F369D /* NSObject+LangExt.h */,
				266821C81C3D8046001F369D /* NSObject+LangExt.m */,
				266821C91C3D8046001F369D /* NSString+LangExt.h */,
				266821CA1C3D8046001F369D /* NSString+LangExt.m */,
				266821CB1C3D8046001F369D /* NSNumber+LangExt.h */,
				266821CC1C3D8046001F369D /* NSNumber+LangExt.m */,
				266821CD1C3D8046001F369D /* UIAlertView+LangExt.h */,
				266821CE1C3D8046001F369D /* UIAlertView+LangExt.m */,
				266821CF1C3D8046001F369D /* UIColor+LangExt.h */,
				266821D01C3D8046001F369D /* UIColor+LangExt.m */,
				266821D11C3D8046001F369D /* UIImage+LangExt.h */,
				266821D21C3D8046001F369D /* UIImage+LangExt.m */,
				266821D31C3D8046001F369D /* UIViewController+LangExt.h */,
				266821D41C3D8046001F369D /* UIViewController+LangExt.m */,
				266821D51C3D8046001F369D /* UIImageView+LangExt.h */,
				266821D61C3D8046001F369D /* UIImageView+LangExt.m */,
				266821D71C3D8046001F369D /* UINavigationController+LangExt.h */,
				266821D81C3D8046001F369D /* UINavigationController+LangExt.m */,
				266821D91C3D8046001F369D /* UITableViewCell+LangExt.h */,
				266821DA1C3D8046001F369D /* UITableViewCell+LangExt.m */,
				266821DB1C3D8046001F369D /* UIView+LangExt.h */,
				266821DC1C3D8046001F369D /* UIView+LangExt.m */,
				266821DD1C3D8046001F369D /* UISearchBar+LangExt.h */,
				266821DE1C3D8046001F369D /* UISearchBar+LangExt.m */,
				266821DF1C3D8046001F369D /* UITextField+LangExt.h */,
				266821E01C3D8046001F369D /* UITextField+LangExt.m */,
				26C4BD231C5B3F4C000B2D0A /* UITableView+LangExt.h */,
				26C4BD241C5B3F4C000B2D0A /* UITableView+LangExt.m */,
				2682E68B1ED670C1001713D5 /* UIButton+LangExt.h */,
				2682E68C1ED670C1001713D5 /* UIButton+LangExt.m */,
			);
			name = LangExt;
			sourceTree = "<group>";
		};
		266821711C3D7F8C001F369D /* Network */ = {
			isa = PBXGroup;
			children = (
				266821B31C3D803B001F369D /* HKDownloadCenter.h */,
				266821B41C3D803B001F369D /* HKDownloadCenter.m */,
				266821B51C3D803B001F369D /* HKJsonUtils.h */,
				266821B61C3D803B001F369D /* HKJsonUtils.m */,
				266821B71C3D803B001F369D /* HKHttpRequest.h */,
				266821B81C3D803B001F369D /* HKHttpRequest.m */,
				269F28481E58344500FBA248 /* HKTypeConverter.h */,
				269F28491E58344500FBA248 /* HKTypeConverter.m */,
			);
			name = Network;
			sourceTree = "<group>";
		};
		266821721C3D7F8F001F369D /* Image Process */ = {
			isa = PBXGroup;
			children = (
				266821AF1C3D8013001F369D /* HKFilterManager.h */,
				266821B01C3D8013001F369D /* HKFilterManager.m */,
			);
			name = "Image Process";
			sourceTree = "<group>";
		};
		266821731C3D7F97001F369D /* Algorithms */ = {
			isa = PBXGroup;
			children = (
				2668219F1C3D8007001F369D /* HKMath.h */,
				266821A01C3D8007001F369D /* HKMath.m */,
				266821A11C3D8007001F369D /* HKMD5Helper.h */,
				266821A21C3D8007001F369D /* HKMD5Helper.m */,
				266821A31C3D8007001F369D /* HKAESHelper.h */,
				266821A41C3D8007001F369D /* HKAESHelper.m */,
				266821A51C3D8007001F369D /* HKBase64.h */,
				266821A61C3D8007001F369D /* HKBase64.m */,
			);
			name = Algorithms;
			sourceTree = "<group>";
		};
		266821741C3D7F9E001F369D /* Audio Process */ = {
			isa = PBXGroup;
			children = (
				266821971C3D7FFD001F369D /* HKAudioStreaming.h */,
				266821981C3D7FFD001F369D /* HKAudioStreaming.m */,
				266821991C3D7FFD001F369D /* HKAudioUtils.h */,
				2668219A1C3D7FFD001F369D /* HKAudioUtils.m */,
			);
			name = "Audio Process";
			sourceTree = "<group>";
		};
		266821751C3D7FA1001F369D /* File System */ = {
			isa = PBXGroup;
			children = (
				266821931C3D7FEB001F369D /* HKFileSystem.h */,
				266821941C3D7FEB001F369D /* HKFileSystem.m */,
			);
			name = "File System";
			sourceTree = "<group>";
		};
		266821761C3D7FA4001F369D /* GUI */ = {
			isa = PBXGroup;
			children = (
				266821771C3D7FD5001F369D /* HKActionView.h */,
				266821781C3D7FD5001F369D /* HKActionView.m */,
				266821791C3D7FD5001F369D /* HKLoadingView.h */,
				2668217A1C3D7FD5001F369D /* HKLoadingView.m */,
				2668217B1C3D7FD5001F369D /* HKToastView.h */,
				2668217C1C3D7FD5001F369D /* HKToastView.m */,
				2668217D1C3D7FD5001F369D /* HKTextViewViewController.h */,
				2668217E1C3D7FD5001F369D /* HKTextViewViewController.m */,
				2668217F1C3D7FD5001F369D /* HKCollectionViewWaterfallLayout.h */,
				266821801C3D7FD5001F369D /* HKCollectionViewWaterfallLayout.m */,
				266821811C3D7FD5001F369D /* HKImageCollectionViewCell.h */,
				266821821C3D7FD5001F369D /* HKImageCollectionViewCell.m */,
				266821831C3D7FD5001F369D /* GCDrawingImageView.h */,
				266821841C3D7FD5001F369D /* GCDrawingImageView.m */,
				26044B001E77F15800358594 /* HKConfigViewController.h */,
				26044B011E77F15800358594 /* HKConfigViewController.m */,
			);
			name = GUI;
			sourceTree = "<group>";
		};
		2668220A1C3D8565001F369D /* HankaiTests */ = {
			isa = PBXGroup;
			children = (
				266822141C3D8580001F369D /* HKDefaultDownloaderTests.m */,
				266822151C3D8580001F369D /* HKHttpRequestTests.m */,
				266822161C3D8580001F369D /* HKJsonUtilsTests.m */,
				2668220D1C3D8565001F369D /* Info.plist */,
			);
			path = HankaiTests;
			sourceTree = "<group>";
		};
		2668221F1C3D85A7001F369D /* iOSDemo */ = {
			isa = PBXGroup;
			children = (
				266822231C3D85A7001F369D /* AppDelegate.h */,
				266822241C3D85A7001F369D /* AppDelegate.m */,
				266822381C3D85C8001F369D /* HKAudioViewController.h */,
				266822391C3D85C8001F369D /* HKAudioViewController.m */,
				2668223A1C3D85C8001F369D /* HKGUIViewController.h */,
				2668223B1C3D85C8001F369D /* HKGUIViewController.m */,
				26CB915A1ED52A72000082E1 /* GCDrawingImageViewController.h */,
				26CB915B1ED52A72000082E1 /* GCDrawingImageViewController.m */,
				2668223C1C3D85C8001F369D /* HKLangExtViewController.h */,
				2668223D1C3D85C8001F369D /* HKLangExtViewController.m */,
				2668222C1C3D85A7001F369D /* Main.storyboard */,
				2668222F1C3D85A7001F369D /* LibHankaiAssets.xcassets */,
				266822311C3D85A7001F369D /* LibHankaiLaunch.storyboard */,
				266822341C3D85A7001F369D /* Info.plist */,
				266822201C3D85A7001F369D /* Supporting Files */,
			);
			path = iOSDemo;
			sourceTree = "<group>";
		};
		266822201C3D85A7001F369D /* Supporting Files */ = {
			isa = PBXGroup;
			children = (
				266822211C3D85A7001F369D /* main.m */,
			);
			name = "Supporting Files";
			sourceTree = "<group>";
		};
/* End PBXGroup section */

/* Begin PBXHeadersBuildPhase section */
		2668215F1C3D7F01001F369D /* Headers */ = {
			isa = PBXHeadersBuildPhase;
			buildActionMask = 2147483647;
			files = (
				26C4BD251C5B3F4C000B2D0A /* UITableView+LangExt.h in Headers */,
				266821661C3D7F01001F369D /* Hankai.h in Headers */,
				2668216E1C3D7F6A001F369D /* HKVars.h in Headers */,
				266821F11C3D8046001F369D /* UIColor+LangExt.h in Headers */,
				266821E31C3D8046001F369D /* HKReflection.h in Headers */,
				266821E51C3D8046001F369D /* NSData+LangExt.h in Headers */,
				266821F71C3D8046001F369D /* UIImageView+LangExt.h in Headers */,
				266822011C3D8046001F369D /* UITextField+LangExt.h in Headers */,
				266821ED1C3D8046001F369D /* NSNumber+LangExt.h in Headers */,
				266821F91C3D8046001F369D /* UINavigationController+LangExt.h in Headers */,
				266821911C3D7FD5001F369D /* GCDrawingImageView.h in Headers */,
				266821BD1C3D803B001F369D /* HKHttpRequest.h in Headers */,
				2668218D1C3D7FD5001F369D /* HKCollectionViewWaterfallLayout.h in Headers */,
				266821B91C3D803B001F369D /* HKDownloadCenter.h in Headers */,
				266821AB1C3D8007001F369D /* HKAESHelper.h in Headers */,
				266821BB1C3D803B001F369D /* HKJsonUtils.h in Headers */,
				2668219D1C3D7FFD001F369D /* HKAudioUtils.h in Headers */,
				2668218B1C3D7FD5001F369D /* HKTextViewViewController.h in Headers */,
				266821A71C3D8007001F369D /* HKMath.h in Headers */,
				266821891C3D7FD5001F369D /* HKToastView.h in Headers */,
				266821851C3D7FD5001F369D /* HKActionView.h in Headers */,
				266821AD1C3D8007001F369D /* HKBase64.h in Headers */,
				266821871C3D7FD5001F369D /* HKLoadingView.h in Headers */,
				2668218F1C3D7FD5001F369D /* HKImageCollectionViewCell.h in Headers */,
				266821951C3D7FEB001F369D /* HKFileSystem.h in Headers */,
				266821A91C3D8007001F369D /* HKMD5Helper.h in Headers */,
				266821B11C3D8013001F369D /* HKFilterManager.h in Headers */,
				2668219B1C3D7FFD001F369D /* HKAudioStreaming.h in Headers */,
				266821EF1C3D8046001F369D /* UIAlertView+LangExt.h in Headers */,
				266821E11C3D8046001F369D /* HKKeyValuePair.h in Headers */,
				266821FD1C3D8046001F369D /* UIView+LangExt.h in Headers */,
				266821F31C3D8046001F369D /* UIImage+LangExt.h in Headers */,
				266821E71C3D8046001F369D /* NSDate+LangExt.h in Headers */,
				266821F51C3D8046001F369D /* UIViewController+LangExt.h in Headers */,
				266821EB1C3D8046001F369D /* NSString+LangExt.h in Headers */,
				266821E91C3D8046001F369D /* NSObject+LangExt.h in Headers */,
				266821FB1C3D8046001F369D /* UITableViewCell+LangExt.h in Headers */,
				269F284A1E58344500FBA248 /* HKTypeConverter.h in Headers */,
				26044B021E77F15800358594 /* HKConfigViewController.h in Headers */,
				2682E68D1ED670C1001713D5 /* UIButton+LangExt.h in Headers */,
				266821FF1C3D8046001F369D /* UISearchBar+LangExt.h in Headers */,
			);
			runOnlyForDeploymentPostprocessing = 0;
		};
/* End PBXHeadersBuildPhase section */

/* Begin PBXNativeTarget section */
		266821611C3D7F01001F369D /* Hankai */ = {
			isa = PBXNativeTarget;
			buildConfigurationList = 2668216A1C3D7F01001F369D /* Build configuration list for PBXNativeTarget "Hankai" */;
			buildPhases = (
				2668215D1C3D7F01001F369D /* Sources */,
				2668215E1C3D7F01001F369D /* Frameworks */,
				2668215F1C3D7F01001F369D /* Headers */,
				266821601C3D7F01001F369D /* Resources */,
			);
			buildRules = (
			);
			dependencies = (
			);
			name = Hankai;
			productName = Hankai;
			productReference = 266821621C3D7F01001F369D /* Hankai.framework */;
			productType = "com.apple.product-type.framework";
		};
		266822081C3D8565001F369D /* HankaiTests */ = {
			isa = PBXNativeTarget;
			buildConfigurationList = 266822111C3D8565001F369D /* Build configuration list for PBXNativeTarget "HankaiTests" */;
			buildPhases = (
				266822051C3D8565001F369D /* Sources */,
				266822061C3D8565001F369D /* Frameworks */,
				266822071C3D8565001F369D /* Resources */,
			);
			buildRules = (
			);
			dependencies = (
				266822101C3D8565001F369D /* PBXTargetDependency */,
			);
			name = HankaiTests;
			productName = HankaiTests;
			productReference = 266822091C3D8565001F369D /* HankaiTests.xctest */;
			productType = "com.apple.product-type.bundle.unit-test";
		};
		2668221D1C3D85A7001F369D /* iOSDemo */ = {
			isa = PBXNativeTarget;
			buildConfigurationList = 266822351C3D85A7001F369D /* Build configuration list for PBXNativeTarget "iOSDemo" */;
			buildPhases = (
				2668221A1C3D85A7001F369D /* Sources */,
				2668221B1C3D85A7001F369D /* Frameworks */,
				2668221C1C3D85A7001F369D /* Resources */,
			);
			buildRules = (
			);
			dependencies = (
				26216CD21C3D8BB100DB5EF5 /* PBXTargetDependency */,
			);
			name = iOSDemo;
			productName = iOSDemo;
			productReference = 2668221E1C3D85A7001F369D /* iOSDemo.app */;
			productType = "com.apple.product-type.application";
		};
/* End PBXNativeTarget section */

/* Begin PBXProject section */
		266821591C3D7F01001F369D /* Project object */ = {
			isa = PBXProject;
			attributes = {
				LastUpgradeCheck = 0810;
				ORGANIZATIONNAME = Hankai;
				TargetAttributes = {
					266821611C3D7F01001F369D = {
						CreatedOnToolsVersion = 7.2;
					};
					266822081C3D8565001F369D = {
						CreatedOnToolsVersion = 7.2;
					};
					2668221D1C3D85A7001F369D = {
						CreatedOnToolsVersion = 7.2;
						DevelopmentTeam = 35GFA2FH7F;
					};
				};
			};
			buildConfigurationList = 2668215C1C3D7F01001F369D /* Build configuration list for PBXProject "Hankai" */;
			compatibilityVersion = "Xcode 3.2";
			developmentRegion = English;
			hasScannedForEncodings = 0;
			knownRegions = (
				en,
				Base,
			);
			mainGroup = 266821581C3D7F01001F369D;
			productRefGroup = 266821631C3D7F01001F369D /* Products */;
			projectDirPath = "";
			projectRoot = "";
			targets = (
				266821611C3D7F01001F369D /* Hankai */,
				266822081C3D8565001F369D /* HankaiTests */,
				2668221D1C3D85A7001F369D /* iOSDemo */,
			);
		};
/* End PBXProject section */

/* Begin PBXResourcesBuildPhase section */
		266821601C3D7F01001F369D /* Resources */ = {
			isa = PBXResourcesBuildPhase;
			buildActionMask = 2147483647;
			files = (
			);
			runOnlyForDeploymentPostprocessing = 0;
		};
		266822071C3D8565001F369D /* Resources */ = {
			isa = PBXResourcesBuildPhase;
			buildActionMask = 2147483647;
			files = (
			);
			runOnlyForDeploymentPostprocessing = 0;
		};
		2668221C1C3D85A7001F369D /* Resources */ = {
			isa = PBXResourcesBuildPhase;
			buildActionMask = 2147483647;
			files = (
				266822331C3D85A7001F369D /* LibHankaiLaunch.storyboard in Resources */,
				266822301C3D85A7001F369D /* LibHankaiAssets.xcassets in Resources */,
				2668222E1C3D85A7001F369D /* Main.storyboard in Resources */,
			);
			runOnlyForDeploymentPostprocessing = 0;
		};
/* End PBXResourcesBuildPhase section */

/* Begin PBXSourcesBuildPhase section */
		2668215D1C3D7F01001F369D /* Sources */ = {
			isa = PBXSourcesBuildPhase;
			buildActionMask = 2147483647;
			files = (
				266821E81C3D8046001F369D /* NSDate+LangExt.m in Sources */,
				2668218E1C3D7FD5001F369D /* HKCollectionViewWaterfallLayout.m in Sources */,
				266821AA1C3D8007001F369D /* HKMD5Helper.m in Sources */,
				266821FA1C3D8046001F369D /* UINavigationController+LangExt.m in Sources */,
				266821EC1C3D8046001F369D /* NSString+LangExt.m in Sources */,
				266821BE1C3D803B001F369D /* HKHttpRequest.m in Sources */,
				266822021C3D8046001F369D /* UITextField+LangExt.m in Sources */,
				26044B031E77F15800358594 /* HKConfigViewController.m in Sources */,
				2668219E1C3D7FFD001F369D /* HKAudioUtils.m in Sources */,
				2682E68E1ED670C1001713D5 /* UIButton+LangExt.m in Sources */,
				266821F81C3D8046001F369D /* UIImageView+LangExt.m in Sources */,
				266821F21C3D8046001F369D /* UIColor+LangExt.m in Sources */,
				266822001C3D8046001F369D /* UISearchBar+LangExt.m in Sources */,
				266821961C3D7FEB001F369D /* HKFileSystem.m in Sources */,
				266821B21C3D8013001F369D /* HKFilterManager.m in Sources */,
				266821FE1C3D8046001F369D /* UIView+LangExt.m in Sources */,
				266821881C3D7FD5001F369D /* HKLoadingView.m in Sources */,
				266821F01C3D8046001F369D /* UIAlertView+LangExt.m in Sources */,
				266821861C3D7FD5001F369D /* HKActionView.m in Sources */,
				266821A81C3D8007001F369D /* HKMath.m in Sources */,
				266821AE1C3D8007001F369D /* HKBase64.m in Sources */,
				266821BA1C3D803B001F369D /* HKDownloadCenter.m in Sources */,
				266821F41C3D8046001F369D /* UIImage+LangExt.m in Sources */,
				266821EA1C3D8046001F369D /* NSObject+LangExt.m in Sources */,
				266821FC1C3D8046001F369D /* UITableViewCell+LangExt.m in Sources */,
				266821901C3D7FD5001F369D /* HKImageCollectionViewCell.m in Sources */,
				266821BC1C3D803B001F369D /* HKJsonUtils.m in Sources */,
				2668218A1C3D7FD5001F369D /* HKToastView.m in Sources */,
				266821AC1C3D8007001F369D /* HKAESHelper.m in Sources */,
				266821F61C3D8046001F369D /* UIViewController+LangExt.m in Sources */,
				266821E41C3D8046001F369D /* HKReflection.m in Sources */,
				266821E21C3D8046001F369D /* HKKeyValuePair.m in Sources */,
				2668219C1C3D7FFD001F369D /* HKAudioStreaming.m in Sources */,
				26C4BD261C5B3F4C000B2D0A /* UITableView+LangExt.m in Sources */,
				266821EE1C3D8046001F369D /* NSNumber+LangExt.m in Sources */,
				269F284B1E58344500FBA248 /* HKTypeConverter.m in Sources */,
				266821921C3D7FD5001F369D /* GCDrawingImageView.m in Sources */,
				2668218C1C3D7FD5001F369D /* HKTextViewViewController.m in Sources */,
				266821E61C3D8046001F369D /* NSData+LangExt.m in Sources */,
			);
			runOnlyForDeploymentPostprocessing = 0;
		};
		266822051C3D8565001F369D /* Sources */ = {
			isa = PBXSourcesBuildPhase;
			buildActionMask = 2147483647;
			files = (
				266822171C3D8580001F369D /* HKDefaultDownloaderTests.m in Sources */,
				266822191C3D8580001F369D /* HKJsonUtilsTests.m in Sources */,
				266822181C3D8580001F369D /* HKHttpRequestTests.m in Sources */,
			);
			runOnlyForDeploymentPostprocessing = 0;
		};
		2668221A1C3D85A7001F369D /* Sources */ = {
			isa = PBXSourcesBuildPhase;
			buildActionMask = 2147483647;
			files = (
				266822251C3D85A7001F369D /* AppDelegate.m in Sources */,
				266822221C3D85A7001F369D /* main.m in Sources */,
				2668223E1C3D85C8001F369D /* HKAudioViewController.m in Sources */,
				26CB915C1ED52A73000082E1 /* GCDrawingImageViewController.m in Sources */,
				2668223F1C3D85C8001F369D /* HKGUIViewController.m in Sources */,
				266822401C3D85C8001F369D /* HKLangExtViewController.m in Sources */,
			);
			runOnlyForDeploymentPostprocessing = 0;
		};
/* End PBXSourcesBuildPhase section */

/* Begin PBXTargetDependency section */
		26216CD21C3D8BB100DB5EF5 /* PBXTargetDependency */ = {
			isa = PBXTargetDependency;
			target = 266821611C3D7F01001F369D /* Hankai */;
			targetProxy = 26216CD11C3D8BB100DB5EF5 /* PBXContainerItemProxy */;
		};
		266822101C3D8565001F369D /* PBXTargetDependency */ = {
			isa = PBXTargetDependency;
			target = 266821611C3D7F01001F369D /* Hankai */;
			targetProxy = 2668220F1C3D8565001F369D /* PBXContainerItemProxy */;
		};
/* End PBXTargetDependency section */

/* Begin PBXVariantGroup section */
		2668222C1C3D85A7001F369D /* Main.storyboard */ = {
			isa = PBXVariantGroup;
			children = (
				2668222D1C3D85A7001F369D /* Base */,
			);
			name = Main.storyboard;
			sourceTree = "<group>";
		};
		266822311C3D85A7001F369D /* LibHankaiLaunch.storyboard */ = {
			isa = PBXVariantGroup;
			children = (
				266822321C3D85A7001F369D /* Base */,
			);
			name = LibHankaiLaunch.storyboard;
			sourceTree = "<group>";
		};
/* End PBXVariantGroup section */

/* Begin XCBuildConfiguration section */
		266821681C3D7F01001F369D /* Debug */ = {
			isa = XCBuildConfiguration;
			buildSettings = {
				ALWAYS_SEARCH_USER_PATHS = NO;
				CLANG_CXX_LANGUAGE_STANDARD = "gnu++0x";
				CLANG_CXX_LIBRARY = "libc++";
				CLANG_ENABLE_MODULES = YES;
				CLANG_ENABLE_OBJC_ARC = YES;
				CLANG_WARN_BOOL_CONVERSION = YES;
				CLANG_WARN_CONSTANT_CONVERSION = YES;
				CLANG_WARN_DIRECT_OBJC_ISA_USAGE = YES_ERROR;
				CLANG_WARN_EMPTY_BODY = YES;
				CLANG_WARN_ENUM_CONVERSION = YES;
				CLANG_WARN_INFINITE_RECURSION = YES;
				CLANG_WARN_INT_CONVERSION = YES;
				CLANG_WARN_OBJC_ROOT_CLASS = YES_ERROR;
				CLANG_WARN_SUSPICIOUS_MOVE = YES;
				CLANG_WARN_UNREACHABLE_CODE = YES;
				CLANG_WARN__DUPLICATE_METHOD_MATCH = YES;
				"CODE_SIGN_IDENTITY[sdk=iphoneos*]" = "iPhone Developer";
				COPY_PHASE_STRIP = NO;
				CURRENT_PROJECT_VERSION = 1;
				DEBUG_INFORMATION_FORMAT = dwarf;
				ENABLE_STRICT_OBJC_MSGSEND = YES;
				ENABLE_TESTABILITY = YES;
				GCC_C_LANGUAGE_STANDARD = gnu99;
				GCC_DYNAMIC_NO_PIC = NO;
				GCC_NO_COMMON_BLOCKS = YES;
				GCC_OPTIMIZATION_LEVEL = 0;
				GCC_PREPROCESSOR_DEFINITIONS = (
					"DEBUG=1",
					"$(inherited)",
				);
				GCC_WARN_64_TO_32_BIT_CONVERSION = YES;
				GCC_WARN_ABOUT_RETURN_TYPE = YES_ERROR;
				GCC_WARN_UNDECLARED_SELECTOR = YES;
				GCC_WARN_UNINITIALIZED_AUTOS = YES_AGGRESSIVE;
				GCC_WARN_UNUSED_FUNCTION = YES;
				GCC_WARN_UNUSED_VARIABLE = YES;
				IPHONEOS_DEPLOYMENT_TARGET = 8.0;
				MTL_ENABLE_DEBUG_INFO = YES;
				ONLY_ACTIVE_ARCH = YES;
				SDKROOT = iphoneos;
				TARGETED_DEVICE_FAMILY = "1,2";
				VERSIONING_SYSTEM = "apple-generic";
				VERSION_INFO_PREFIX = "";
			};
			name = Debug;
		};
		266821691C3D7F01001F369D /* Release */ = {
			isa = XCBuildConfiguration;
			buildSettings = {
				ALWAYS_SEARCH_USER_PATHS = NO;
				CLANG_CXX_LANGUAGE_STANDARD = "gnu++0x";
				CLANG_CXX_LIBRARY = "libc++";
				CLANG_ENABLE_MODULES = YES;
				CLANG_ENABLE_OBJC_ARC = YES;
				CLANG_WARN_BOOL_CONVERSION = YES;
				CLANG_WARN_CONSTANT_CONVERSION = YES;
				CLANG_WARN_DIRECT_OBJC_ISA_USAGE = YES_ERROR;
				CLANG_WARN_EMPTY_BODY = YES;
				CLANG_WARN_ENUM_CONVERSION = YES;
				CLANG_WARN_INFINITE_RECURSION = YES;
				CLANG_WARN_INT_CONVERSION = YES;
				CLANG_WARN_OBJC_ROOT_CLASS = YES_ERROR;
				CLANG_WARN_SUSPICIOUS_MOVE = YES;
				CLANG_WARN_UNREACHABLE_CODE = YES;
				CLANG_WARN__DUPLICATE_METHOD_MATCH = YES;
				"CODE_SIGN_IDENTITY[sdk=iphoneos*]" = "iPhone Developer";
				COPY_PHASE_STRIP = NO;
				CURRENT_PROJECT_VERSION = 1;
				DEBUG_INFORMATION_FORMAT = "dwarf-with-dsym";
				ENABLE_NS_ASSERTIONS = NO;
				ENABLE_STRICT_OBJC_MSGSEND = YES;
				GCC_C_LANGUAGE_STANDARD = gnu99;
				GCC_NO_COMMON_BLOCKS = YES;
				GCC_WARN_64_TO_32_BIT_CONVERSION = YES;
				GCC_WARN_ABOUT_RETURN_TYPE = YES_ERROR;
				GCC_WARN_UNDECLARED_SELECTOR = YES;
				GCC_WARN_UNINITIALIZED_AUTOS = YES_AGGRESSIVE;
				GCC_WARN_UNUSED_FUNCTION = YES;
				GCC_WARN_UNUSED_VARIABLE = YES;
				IPHONEOS_DEPLOYMENT_TARGET = 8.0;
				MTL_ENABLE_DEBUG_INFO = NO;
				SDKROOT = iphoneos;
				TARGETED_DEVICE_FAMILY = "1,2";
				VALIDATE_PRODUCT = YES;
				VERSIONING_SYSTEM = "apple-generic";
				VERSION_INFO_PREFIX = "";
			};
			name = Release;
		};
		2668216B1C3D7F01001F369D /* Debug */ = {
			isa = XCBuildConfiguration;
			buildSettings = {
				CODE_SIGN_IDENTITY = "iPhone Developer";
				"CODE_SIGN_IDENTITY[sdk=iphoneos*]" = "";
				DEFINES_MODULE = YES;
				DYLIB_COMPATIBILITY_VERSION = 1;
				DYLIB_CURRENT_VERSION = 1;
				DYLIB_INSTALL_NAME_BASE = "@rpath";
				INFOPLIST_FILE = Hankai/Info.plist;
				INSTALL_PATH = "$(LOCAL_LIBRARY_DIR)/Frameworks";
				IPHONEOS_DEPLOYMENT_TARGET = 8.0;
				LD_RUNPATH_SEARCH_PATHS = "$(inherited) @executable_path/Frameworks @loader_path/Frameworks";
				MACH_O_TYPE = staticlib;
				PRODUCT_BUNDLE_IDENTIFIER = ren.hankai.libhankai;
				PRODUCT_NAME = "$(TARGET_NAME)";
				SKIP_INSTALL = YES;
			};
			name = Debug;
		};
		2668216C1C3D7F01001F369D /* Release */ = {
			isa = XCBuildConfiguration;
			buildSettings = {
				CODE_SIGN_IDENTITY = "iPhone Developer";
				"CODE_SIGN_IDENTITY[sdk=iphoneos*]" = "";
				DEFINES_MODULE = YES;
				DYLIB_COMPATIBILITY_VERSION = 1;
				DYLIB_CURRENT_VERSION = 1;
				DYLIB_INSTALL_NAME_BASE = "@rpath";
				INFOPLIST_FILE = Hankai/Info.plist;
				INSTALL_PATH = "$(LOCAL_LIBRARY_DIR)/Frameworks";
				IPHONEOS_DEPLOYMENT_TARGET = 8.0;
				LD_RUNPATH_SEARCH_PATHS = "$(inherited) @executable_path/Frameworks @loader_path/Frameworks";
				MACH_O_TYPE = staticlib;
				PRODUCT_BUNDLE_IDENTIFIER = ren.hankai.libhankai;
				PRODUCT_NAME = "$(TARGET_NAME)";
				SKIP_INSTALL = YES;
			};
			name = Release;
		};
		266822121C3D8565001F369D /* Debug */ = {
			isa = XCBuildConfiguration;
			buildSettings = {
				CLANG_ALLOW_NON_MODULAR_INCLUDES_IN_FRAMEWORK_MODULES = YES;
				INFOPLIST_FILE = HankaiTests/Info.plist;
				LD_RUNPATH_SEARCH_PATHS = "$(inherited) @executable_path/Frameworks @loader_path/Frameworks";
				OTHER_LDFLAGS = "-ObjC";
				PRODUCT_BUNDLE_IDENTIFIER = ren.hankai.HankaiTests;
				PRODUCT_NAME = "$(TARGET_NAME)";
			};
			name = Debug;
		};
		266822131C3D8565001F369D /* Release */ = {
			isa = XCBuildConfiguration;
			buildSettings = {
				CLANG_ALLOW_NON_MODULAR_INCLUDES_IN_FRAMEWORK_MODULES = YES;
				INFOPLIST_FILE = HankaiTests/Info.plist;
				LD_RUNPATH_SEARCH_PATHS = "$(inherited) @executable_path/Frameworks @loader_path/Frameworks";
				OTHER_LDFLAGS = "-ObjC";
				PRODUCT_BUNDLE_IDENTIFIER = ren.hankai.HankaiTests;
				PRODUCT_NAME = "$(TARGET_NAME)";
			};
			name = Release;
		};
		266822361C3D85A7001F369D /* Debug */ = {
			isa = XCBuildConfiguration;
			buildSettings = {
				ASSETCATALOG_COMPILER_APPICON_NAME = AppIcon;
				ASSETCATALOG_COMPILER_LAUNCHIMAGE_NAME = LaunchImage;
				CODE_SIGN_IDENTITY = "iPhone Developer";
				DEVELOPMENT_TEAM = 35GFA2FH7F;
				INFOPLIST_FILE = iOSDemo/Info.plist;
				IPHONEOS_DEPLOYMENT_TARGET = 8.0;
				LD_RUNPATH_SEARCH_PATHS = "$(inherited) @executable_path/Frameworks";
				OTHER_LDFLAGS = "-ObjC";
				PRODUCT_BUNDLE_IDENTIFIER = ren.hankai.iOSDemo;
				PRODUCT_NAME = "$(TARGET_NAME)";
				TARGETED_DEVICE_FAMILY = 1;
			};
			name = Debug;
		};
		266822371C3D85A7001F369D /* Release */ = {
			isa = XCBuildConfiguration;
			buildSettings = {
				ASSETCATALOG_COMPILER_APPICON_NAME = AppIcon;
				ASSETCATALOG_COMPILER_LAUNCHIMAGE_NAME = LaunchImage;
				CODE_SIGN_IDENTITY = "iPhone Developer";
				DEVELOPMENT_TEAM = 35GFA2FH7F;
				INFOPLIST_FILE = iOSDemo/Info.plist;
				IPHONEOS_DEPLOYMENT_TARGET = 8.0;
				LD_RUNPATH_SEARCH_PATHS = "$(inherited) @executable_path/Frameworks";
				OTHER_LDFLAGS = "-ObjC";
				PRODUCT_BUNDLE_IDENTIFIER = ren.hankai.iOSDemo;
				PRODUCT_NAME = "$(TARGET_NAME)";
				TARGETED_DEVICE_FAMILY = 1;
			};
			name = Release;
		};
/* End XCBuildConfiguration section */

/* Begin XCConfigurationList section */
		2668215C1C3D7F01001F369D /* Build configuration list for PBXProject "Hankai" */ = {
			isa = XCConfigurationList;
			buildConfigurations = (
				266821681C3D7F01001F369D /* Debug */,
				266821691C3D7F01001F369D /* Release */,
			);
			defaultConfigurationIsVisible = 0;
			defaultConfigurationName = Release;
		};
		2668216A1C3D7F01001F369D /* Build configuration list for PBXNativeTarget "Hankai" */ = {
			isa = XCConfigurationList;
			buildConfigurations = (
				2668216B1C3D7F01001F369D /* Debug */,
				2668216C1C3D7F01001F369D /* Release */,
			);
			defaultConfigurationIsVisible = 0;
			defaultConfigurationName = Release;
		};
		266822111C3D8565001F369D /* Build configuration list for PBXNativeTarget "HankaiTests" */ = {
			isa = XCConfigurationList;
			buildConfigurations = (
				266822121C3D8565001F369D /* Debug */,
				266822131C3D8565001F369D /* Release */,
			);
			defaultConfigurationIsVisible = 0;
			defaultConfigurationName = Release;
		};
		266822351C3D85A7001F369D /* Build configuration list for PBXNativeTarget "iOSDemo" */ = {
			isa = XCConfigurationList;
			buildConfigurations = (
				266822361C3D85A7001F369D /* Debug */,
				266822371C3D85A7001F369D /* Release */,
			);
			defaultConfigurationIsVisible = 0;
			defaultConfigurationName = Release;
		};
/* End XCConfigurationList section */
	};
	rootObject = 266821591C3D7F01001F369D /* Project object */;
}
